{
  "requires": true,
  "lockfileVersion": 1,
  "dependencies": {
    "immer": {
      "version": "6.0.9",
      "resolved": "https://registry.npmjs.org/immer/-/immer-6.0.9.tgz",
      "integrity": "sha512-SyCYnAuiRf67Lvk0VkwFvwtDoEiCMjeamnHvRfnVDyc7re1/rQrNxuL+jJ7lA3WvdC4uznrvbmm+clJ9+XXatg=="
    }
  }
}
